// !$*UTF8*$!
{
	archiveVersion = 1;
	classes = {
	};
	objectVersion = 52;
	objects = {

/* Begin PBXBuildFile section */
		C37998BD259B26DC00E08AC7 /* AppDelegate.swift in Sources */ = {isa = PBXBuildFile; fileRef = C37998BC259B26DC00E08AC7 /* AppDelegate.swift */; };
		C37998BF259B26DC00E08AC7 /* SceneDelegate.swift in Sources */ = {isa = PBXBuildFile; fileRef = C37998BE259B26DC00E08AC7 /* SceneDelegate.swift */; };
		C37998C1259B26DC00E08AC7 /* ContentView.swift in Sources */ = {isa = PBXBuildFile; fileRef = C37998C0259B26DC00E08AC7 /* ContentView.swift */; };
		C37998C3259B26DF00E08AC7 /* Assets.xcassets in Resources */ = {isa = PBXBuildFile; fileRef = C37998C2259B26DF00E08AC7 /* Assets.xcassets */; };
		C37998C6259B26DF00E08AC7 /* Preview Assets.xcassets in Resources */ = {isa = PBXBuildFile; fileRef = C37998C5259B26DF00E08AC7 /* Preview Assets.xcassets */; };
		C37998C9259B26DF00E08AC7 /* LaunchScreen.storyboard in Resources */ = {isa = PBXBuildFile; fileRef = C37998C7259B26DF00E08AC7 /* LaunchScreen.storyboard */; };
		C37998DA259B272300E08AC7 /* GymView.swift in Sources */ = {isa = PBXBuildFile; fileRef = C37998D9259B272300E08AC7 /* GymView.swift */; };
		C37998DD259B2FFC00E08AC7 /* GymViewSignIn.swift in Sources */ = {isa = PBXBuildFile; fileRef = C37998DC259B2FFC00E08AC7 /* GymViewSignIn.swift */; };
		C37998E4259B326600E08AC7 /* BackView.swift in Sources */ = {isa = PBXBuildFile; fileRef = C37998E3259B326600E08AC7 /* BackView.swift */; };
		C37998E7259B32E100E08AC7 /* Swift2.swift in Sources */ = {isa = PBXBuildFile; fileRef = C37998E6259B32E100E08AC7 /* Swift2.swift */; };
		C37998EA259B389800E08AC7 /* GymModel.swift in Sources */ = {isa = PBXBuildFile; fileRef = C37998E9259B389800E08AC7 /* GymModel.swift */; };
		C37998ED259B38B400E08AC7 /* GymViewModel.swift in Sources */ = {isa = PBXBuildFile; fileRef = C37998EC259B38B400E08AC7 /* GymViewModel.swift */; };
		C37998F1259B38E800E08AC7 /* SwiftyJSON in Frameworks */ = {isa = PBXBuildFile; productRef = C37998F0259B38E800E08AC7 /* SwiftyJSON */; };
		C37998F5259B390F00E08AC7 /* Alamofire in Frameworks */ = {isa = PBXBuildFile; productRef = C37998F4259B390F00E08AC7 /* Alamofire */; };
/* End PBXBuildFile section */

/* Begin PBXFileReference section */
		C37998B9259B26DC00E08AC7 /* Home Gym.app */ = {isa = PBXFileReference; explicitFileType = wrapper.application; includeInIndex = 0; path = "Home Gym.app"; sourceTree = BUILT_PRODUCTS_DIR; };
		C37998BC259B26DC00E08AC7 /* AppDelegate.swift */ = {isa = PBXFileReference; lastKnownFileType = sourcecode.swift; path = AppDelegate.swift; sourceTree = "<group>"; };
		C37998BE259B26DC00E08AC7 /* SceneDelegate.swift */ = {isa = PBXFileReference; lastKnownFileType = sourcecode.swift; path = SceneDelegate.swift; sourceTree = "<group>"; };
		C37998C0259B26DC00E08AC7 /* ContentView.swift */ = {isa = PBXFileReference; lastKnownFileType = sourcecode.swift; path = ContentView.swift; sourceTree = "<group>"; };
		C37998C2259B26DF00E08AC7 /* Assets.xcassets */ = {isa = PBXFileReference; lastKnownFileType = folder.assetcatalog; path = Assets.xcassets; sourceTree = "<group>"; };
		C37998C5259B26DF00E08AC7 /* Preview Assets.xcassets */ = {isa = PBXFileReference; lastKnownFileType = folder.assetcatalog; path = "Preview Assets.xcassets"; sourceTree = "<group>"; };
		C37998C8259B26DF00E08AC7 /* Base */ = {isa = PBXFileReference; lastKnownFileType = file.storyboard; name = Base; path = Base.lproj/LaunchScreen.storyboard; sourceTree = "<group>"; };
		C37998CA259B26DF00E08AC7 /* Info.plist */ = {isa = PBXFileReference; lastKnownFileType = text.plist.xml; path = Info.plist; sourceTree = "<group>"; };
		C37998D9259B272300E08AC7 /* GymView.swift */ = {isa = PBXFileReference; lastKnownFileType = sourcecode.swift; path = GymView.swift; sourceTree = "<group>"; };
		C37998DC259B2FFC00E08AC7 /* GymViewSignIn.swift */ = {isa = PBXFileReference; lastKnownFileType = sourcecode.swift; path = GymViewSignIn.swift; sourceTree = "<group>"; };
		C37998E3259B326600E08AC7 /* BackView.swift */ = {isa = PBXFileReference; lastKnownFileType = sourcecode.swift; path = BackView.swift; sourceTree = "<group>"; };
		C37998E6259B32E100E08AC7 /* Swift2.swift */ = {isa = PBXFileReference; lastKnownFileType = sourcecode.swift; path = Swift2.swift; sourceTree = "<group>"; };
		C37998E9259B389800E08AC7 /* GymModel.swift */ = {isa = PBXFileReference; lastKnownFileType = sourcecode.swift; path = GymModel.swift; sourceTree = "<group>"; };
		C37998EC259B38B400E08AC7 /* GymViewModel.swift */ = {isa = PBXFileReference; lastKnownFileType = sourcecode.swift; path = GymViewModel.swift; sourceTree = "<group>"; };
/* End PBXFileReference section */

/* Begin PBXFrameworksBuildPhase section */
		C37998B6259B26DC00E08AC7 /* Frameworks */ = {
			isa = PBXFrameworksBuildPhase;
			buildActionMask = 2147483647;
			files = (
				C37998F1259B38E800E08AC7 /* SwiftyJSON in Frameworks */,
				C37998F5259B390F00E08AC7 /* Alamofire in Frameworks */,
			);
			runOnlyForDeploymentPostprocessing = 0;
		};
/* End PBXFrameworksBuildPhase section */

/* Begin PBXGroup section */
		C37998B0259B26DC00E08AC7 = {
			isa = PBXGroup;
			children = (
				C37998BB259B26DC00E08AC7 /* Home Gym */,
				C37998BA259B26DC00E08AC7 /* Products */,
			);
			sourceTree = "<group>";
		};
		C37998BA259B26DC00E08AC7 /* Products */ = {
			isa = PBXGroup;
			children = (
				C37998B9259B26DC00E08AC7 /* Home Gym.app */,
			);
			name = Products;
			sourceTree = "<group>";
		};
		C37998BB259B26DC00E08AC7 /* Home Gym */ = {
			isa = PBXGroup;
			children = (
				C37998BC259B26DC00E08AC7 /* AppDelegate.swift */,
				C37998BE259B26DC00E08AC7 /* SceneDelegate.swift */,
				C37998C0259B26DC00E08AC7 /* ContentView.swift */,
				C37998E6259B32E100E08AC7 /* Swift2.swift */,
				C37998E9259B389800E08AC7 /* GymModel.swift */,
				C37998EC259B38B400E08AC7 /* GymViewModel.swift */,
				C37998D9259B272300E08AC7 /* GymView.swift */,
				C37998DC259B2FFC00E08AC7 /* GymViewSignIn.swift */,
				C37998E3259B326600E08AC7 /* BackView.swift */,
				C37998C2259B26DF00E08AC7 /* Assets.xcassets */,
				C37998C7259B26DF00E08AC7 /* LaunchScreen.storyboard */,
				C37998CA259B26DF00E08AC7 /* Info.plist */,
				C37998C4259B26DF00E08AC7 /* Preview Content */,
			);
			path = "Home Gym";
			sourceTree = "<group>";
		};
		C37998C4259B26DF00E08AC7 /* Preview Content */ = {
			isa = PBXGroup;
			children = (
				C37998C5259B26DF00E08AC7 /* Preview Assets.xcassets */,
			);
			path = "Preview Content";
			sourceTree = "<group>";
		};
/* End PBXGroup section */

/* Begin PBXNativeTarget section */
		C37998B8259B26DC00E08AC7 /* Home Gym */ = {
			isa = PBXNativeTarget;
			buildConfigurationList = C37998CD259B26DF00E08AC7 /* Build configuration list for PBXNativeTarget "Home Gym" */;
			buildPhases = (
				C37998B5259B26DC00E08AC7 /* Sources */,
				C37998B6259B26DC00E08AC7 /* Frameworks */,
				C37998B7259B26DC00E08AC7 /* Resources */,
			);
			buildRules = (
			);
			dependencies = (
			);
			name = "Home Gym";
			packageProductDependencies = (
				C37998F0259B38E800E08AC7 /* SwiftyJSON */,
				C37998F4259B390F00E08AC7 /* Alamofire */,
			);
			productName = "Home Gym";
			productReference = C37998B9259B26DC00E08AC7 /* Home Gym.app */;
			productType = "com.apple.product-type.application";
		};
/* End PBXNativeTarget section */

/* Begin PBXProject section */
		C37998B1259B26DC00E08AC7 /* Project object */ = {
			isa = PBXProject;
			attributes = {
				LastSwiftUpdateCheck = 1230;
				LastUpgradeCheck = 1230;
				TargetAttributes = {
					C37998B8259B26DC00E08AC7 = {
						CreatedOnToolsVersion = 12.3;
					};
				};
			};
			buildConfigurationList = C37998B4259B26DC00E08AC7 /* Build configuration list for PBXProject "Home Gym" */;
			compatibilityVersion = "Xcode 9.3";
			developmentRegion = en;
			hasScannedForEncodings = 0;
			knownRegions = (
				en,
				Base,
			);
			mainGroup = C37998B0259B26DC00E08AC7;
			packageReferences = (
				C37998EF259B38E800E08AC7 /* XCRemoteSwiftPackageReference "SwiftyJSON" */,
				C37998F3259B390F00E08AC7 /* XCRemoteSwiftPackageReference "Alamofire" */,
			);
			productRefGroup = C37998BA259B26DC00E08AC7 /* Products */;
			projectDirPath = "";
			projectRoot = "";
			targets = (
				C37998B8259B26DC00E08AC7 /* Home Gym */,
			);
		};
/* End PBXProject section */

/* Begin PBXResourcesBuildPhase section */
		C37998B7259B26DC00E08AC7 /* Resources */ = {
			isa = PBXResourcesBuildPhase;
			buildActionMask = 2147483647;
			files = (
				C37998C9259B26DF00E08AC7 /* LaunchScreen.storyboard in Resources */,
				C37998C6259B26DF00E08AC7 /* Preview Assets.xcassets in Resources */,
				C37998C3259B26DF00E08AC7 /* Assets.xcassets in Resources */,
			);
			runOnlyForDeploymentPostprocessing = 0;
		};
/* End PBXResourcesBuildPhase section */

/* Begin PBXSourcesBuildPhase section */
		C37998B5259B26DC00E08AC7 /* Sources */ = {
			isa = PBXSourcesBuildPhase;
			buildActionMask = 2147483647;
			files = (
				C37998DA259B272300E08AC7 /* GymView.swift in Sources */,
				C37998BD259B26DC00E08AC7 /* AppDelegate.swift in Sources */,
				C37998BF259B26DC00E08AC7 /* SceneDelegate.swift in Sources */,
				C37998E4259B326600E08AC7 /* BackView.swift in Sources */,
				C37998E7259B32E100E08AC7 /* Swift2.swift in Sources */,
				C37998DD259B2FFC00E08AC7 /* GymViewSignIn.swift in Sources */,
				C37998C1259B26DC00E08AC7 /* ContentView.swift in Sources */,
				C37998ED259B38B400E08AC7 /* GymViewModel.swift in Sources */,
				C37998EA259B389800E08AC7 /* GymModel.swift in Sources */,
			);
			runOnlyForDeploymentPostprocessing = 0;
		};
/* End PBXSourcesBuildPhase section */

/* Begin PBXVariantGroup section */
		C37998C7259B26DF00E08AC7 /* LaunchScreen.storyboard */ = {
			isa = PBXVariantGroup;
			children = (
				C37998C8259B26DF00E08AC7 /* Base */,
			);
			name = LaunchScreen.storyboard;
			sourceTree = "<group>";
		};
/* End PBXVariantGroup section */

/* Begin XCBuildConfiguration section */
		C37998CB259B26DF00E08AC7 /* Debug */ = {
			isa = XCBuildConfiguration;
			buildSettings = {
				ALWAYS_SEARCH_USER_PATHS = NO;
				CLANG_ANALYZER_NONNULL = YES;
				CLANG_ANALYZER_NUMBER_OBJECT_CONVERSION = YES_AGGRESSIVE;
				CLANG_CXX_LANGUAGE_STANDARD = "gnu++14";
				CLANG_CXX_LIBRARY = "libc++";
				CLANG_ENABLE_MODULES = YES;
				CLANG_ENABLE_OBJC_ARC = YES;
				CLANG_ENABLE_OBJC_WEAK = YES;
				CLANG_WARN_BLOCK_CAPTURE_AUTORELEASING = YES;
				CLANG_WARN_BOOL_CONVERSION = YES;
				CLANG_WARN_COMMA = YES;
				CLANG_WARN_CONSTANT_CONVERSION = YES;
				CLANG_WARN_DEPRECATED_OBJC_IMPLEMENTATIONS = YES;
				CLANG_WARN_DIRECT_OBJC_ISA_USAGE = YES_ERROR;
				CLANG_WARN_DOCUMENTATION_COMMENTS = YES;
				CLANG_WARN_EMPTY_BODY = YES;
				CLANG_WARN_ENUM_CONVERSION = YES;
				CLANG_WARN_INFINITE_RECURSION = YES;
				CLANG_WARN_INT_CONVERSION = YES;
				CLANG_WARN_NON_LITERAL_NULL_CONVERSION = YES;
				CLANG_WARN_OBJC_IMPLICIT_RETAIN_SELF = YES;
				CLANG_WARN_OBJC_LITERAL_CONVERSION = YES;
				CLANG_WARN_OBJC_ROOT_CLASS = YES_ERROR;
				CLANG_WARN_QUOTED_INCLUDE_IN_FRAMEWORK_HEADER = YES;
				CLANG_WARN_RANGE_LOOP_ANALYSIS = YES;
				CLANG_WARN_STRICT_PROTOTYPES = YES;
				CLANG_WARN_SUSPICIOUS_MOVE = YES;
				CLANG_WARN_UNGUARDED_AVAILABILITY = YES_AGGRESSIVE;
				CLANG_WARN_UNREACHABLE_CODE = YES;
				CLANG_WARN__DUPLICATE_METHOD_MATCH = YES;
				COPY_PHASE_STRIP = NO;
				DEBUG_INFORMATION_FORMAT = dwarf;
				ENABLE_STRICT_OBJC_MSGSEND = YES;
				ENABLE_TESTABILITY = YES;
				GCC_C_LANGUAGE_STANDARD = gnu11;
				GCC_DYNAMIC_NO_PIC = NO;
				GCC_NO_COMMON_BLOCKS = YES;
				GCC_OPTIMIZATION_LEVEL = 0;
				GCC_PREPROCESSOR_DEFINITIONS = (
					"DEBUG=1",
					"$(inherited)",
				);
				GCC_WARN_64_TO_32_BIT_CONVERSION = YES;
				GCC_WARN_ABOUT_RETURN_TYPE = YES_ERROR;
				GCC_WARN_UNDECLARED_SELECTOR = YES;
				GCC_WARN_UNINITIALIZED_AUTOS = YES_AGGRESSIVE;
				GCC_WARN_UNUSED_FUNCTION = YES;
				GCC_WARN_UNUSED_VARIABLE = YES;
				IPHONEOS_DEPLOYMENT_TARGET = 14.3;
				MTL_ENABLE_DEBUG_INFO = INCLUDE_SOURCE;
				MTL_FAST_MATH = YES;
				ONLY_ACTIVE_ARCH = YES;
				SDKROOT = iphoneos;
				SWIFT_ACTIVE_COMPILATION_CONDITIONS = DEBUG;
				SWIFT_OPTIMIZATION_LEVEL = "-Onone";
			};
			name = Debug;
		};
		C37998CC259B26DF00E08AC7 /* Release */ = {
			isa = XCBuildConfiguration;
			buildSettings = {
				ALWAYS_SEARCH_USER_PATHS = NO;
				CLANG_ANALYZER_NONNULL = YES;
				CLANG_ANALYZER_NUMBER_OBJECT_CONVERSION = YES_AGGRESSIVE;
				CLANG_CXX_LANGUAGE_STANDARD = "gnu++14";
				CLANG_CXX_LIBRARY = "libc++";
				CLANG_ENABLE_MODULES = YES;
				CLANG_ENABLE_OBJC_ARC = YES;
				CLANG_ENABLE_OBJC_WEAK = YES;
				CLANG_WARN_BLOCK_CAPTURE_AUTORELEASING = YES;
				CLANG_WARN_BOOL_CONVERSION = YES;
				CLANG_WARN_COMMA = YES;
				CLANG_WARN_CONSTANT_CONVERSION = YES;
				CLANG_WARN_DEPRECATED_OBJC_IMPLEMENTATIONS = YES;
				CLANG_WARN_DIRECT_OBJC_ISA_USAGE = YES_ERROR;
				CLANG_WARN_DOCUMENTATION_COMMENTS = YES;
				CLANG_WARN_EMPTY_BODY = YES;
				CLANG_WARN_ENUM_CONVERSION = YES;
				CLANG_WARN_INFINITE_RECURSION = YES;
				CLANG_WARN_INT_CONVERSION = YES;
				CLANG_WARN_NON_LITERAL_NULL_CONVERSION = YES;
				CLANG_WARN_OBJC_IMPLICIT_RETAIN_SELF = YES;
				CLANG_WARN_OBJC_LITERAL_CONVERSION = YES;
				CLANG_WARN_OBJC_ROOT_CLASS = YES_ERROR;
				CLANG_WARN_QUOTED_INCLUDE_IN_FRAMEWORK_HEADER = YES;
				CLANG_WARN_RANGE_LOOP_ANALYSIS = YES;
				CLANG_WARN_STRICT_PROTOTYPES = YES;
				CLANG_WARN_SUSPICIOUS_MOVE = YES;
				CLANG_WARN_UNGUARDED_AVAILABILITY = YES_AGGRESSIVE;
				CLANG_WARN_UNREACHABLE_CODE = YES;
				CLANG_WARN__DUPLICATE_METHOD_MATCH = YES;
				COPY_PHASE_STRIP = NO;
				DEBUG_INFORMATION_FORMAT = "dwarf-with-dsym";
				ENABLE_NS_ASSERTIONS = NO;
				ENABLE_STRICT_OBJC_MSGSEND = YES;
				GCC_C_LANGUAGE_STANDARD = gnu11;
				GCC_NO_COMMON_BLOCKS = YES;
				GCC_WARN_64_TO_32_BIT_CONVERSION = YES;
				GCC_WARN_ABOUT_RETURN_TYPE = YES_ERROR;
				GCC_WARN_UNDECLARED_SELECTOR = YES;
				GCC_WARN_UNINITIALIZED_AUTOS = YES_AGGRESSIVE;
				GCC_WARN_UNUSED_FUNCTION = YES;
				GCC_WARN_UNUSED_VARIABLE = YES;
				IPHONEOS_DEPLOYMENT_TARGET = 14.3;
				MTL_ENABLE_DEBUG_INFO = NO;
				MTL_FAST_MATH = YES;
				SDKROOT = iphoneos;
				SWIFT_COMPILATION_MODE = wholemodule;
				SWIFT_OPTIMIZATION_LEVEL = "-O";
				VALIDATE_PRODUCT = YES;
			};
			name = Release;
		};
		C37998CE259B26DF00E08AC7 /* Debug */ = {
			isa = XCBuildConfiguration;
			buildSettings = {
				ASSETCATALOG_COMPILER_APPICON_NAME = AppIcon;
				ASSETCATALOG_COMPILER_GLOBAL_ACCENT_COLOR_NAME = AccentColor;
				CODE_SIGN_STYLE = Automatic;
				DEVELOPMENT_ASSET_PATHS = "\"Home Gym/Preview Content\"";
				ENABLE_PREVIEWS = YES;
				INFOPLIST_FILE = "Home Gym/Info.plist";
				LD_RUNPATH_SEARCH_PATHS = (
					"$(inherited)",
					"@executable_path/Frameworks",
				);
				PRODUCT_BUNDLE_IDENTIFIER = "kp11.Home-Gym";
				PRODUCT_NAME = "$(TARGET_NAME)";
				SWIFT_VERSION = 5.0;
				TARGETED_DEVICE_FAMILY = "1,2";
			};
			name = Debug;
		};
		C37998CF259B26DF00E08AC7 /* Release */ = {
			isa = XCBuildConfiguration;
			buildSettings = {
				ASSETCATALOG_COMPILER_APPICON_NAME = AppIcon;
				ASSETCATALOG_COMPILER_GLOBAL_ACCENT_COLOR_NAME = AccentColor;
				CODE_SIGN_STYLE = Automatic;
				DEVELOPMENT_ASSET_PATHS = "\"Home Gym/Preview Content\"";
				ENABLE_PREVIEWS = YES;
				INFOPLIST_FILE = "Home Gym/Info.plist";
				LD_RUNPATH_SEARCH_PATHS = (
					"$(inherited)",
					"@executable_path/Frameworks",
				);
				PRODUCT_BUNDLE_IDENTIFIER = "kp11.Home-Gym";
				PRODUCT_NAME = "$(TARGET_NAME)";
				SWIFT_VERSION = 5.0;
				TARGETED_DEVICE_FAMILY = "1,2";
			};
			name = Release;
		};
/* End XCBuildConfiguration section */

/* Begin XCConfigurationList section */
		C37998B4259B26DC00E08AC7 /* Build configuration list for PBXProject "Home Gym" */ = {
			isa = XCConfigurationList;
			buildConfigurations = (
				C37998CB259B26DF00E08AC7 /* Debug */,
				C37998CC259B26DF00E08AC7 /* Release */,
			);
			defaultConfigurationIsVisible = 0;
			defaultConfigurationName = Release;
		};
		C37998CD259B26DF00E08AC7 /* Build configuration list for PBXNativeTarget "Home Gym" */ = {
			isa = XCConfigurationList;
			buildConfigurations = (
				C37998CE259B26DF00E08AC7 /* Debug */,
				C37998CF259B26DF00E08AC7 /* Release */,
			);
			defaultConfigurationIsVisible = 0;
			defaultConfigurationName = Release;
		};
/* End XCConfigurationList section */

/* Begin XCRemoteSwiftPackageReference section */
		C37998EF259B38E800E08AC7 /* XCRemoteSwiftPackageReference "SwiftyJSON" */ = {
			isa = XCRemoteSwiftPackageReference;
			repositoryURL = "https://github.com/SwiftyJSON/SwiftyJSON.git";
			requirement = {
				kind = upToNextMajorVersion;
				minimumVersion = 5.0.0;
			};
		};
		C37998F3259B390F00E08AC7 /* XCRemoteSwiftPackageReference "Alamofire" */ = {
			isa = XCRemoteSwiftPackageReference;
			repositoryURL = "https://github.com/Alamofire/Alamofire.git";
			requirement = {
				kind = upToNextMajorVersion;
				minimumVersion = 5.4.1;
			};
		};
/* End XCRemoteSwiftPackageReference section */

/* Begin XCSwiftPackageProductDependency section */
		C37998F0259B38E800E08AC7 /* SwiftyJSON */ = {
			isa = XCSwiftPackageProductDependency;
			package = C37998EF259B38E800E08AC7 /* XCRemoteSwiftPackageReference "SwiftyJSON" */;
			productName = SwiftyJSON;
		};
		C37998F4259B390F00E08AC7 /* Alamofire */ = {
			isa = XCSwiftPackageProductDependency;
			package = C37998F3259B390F00E08AC7 /* XCRemoteSwiftPackageReference "Alamofire" */;
			productName = Alamofire;
		};
/* End XCSwiftPackageProductDependency section */
	};
	rootObject = C37998B1259B26DC00E08AC7 /* Project object */;
}
